{
    "name": "app",
    "version": "1.0.0",
    "lockfileVersion": 2,
    "requires": true,
    "packages": {
        "": {
            "name": "app",
            "version": "1.0.0",
            "license": "ISC",
            "dependencies": {
                "husky": "^7.0.4",
                "prettier": "^2.5.1",
                "uuid": "^8.3.2",
                "yarn": "^1.22.17"
            },
            "devDependencies": {
                "@types/node": "^17.0.0",
                "@types/uuid": "^8.3.3"
            }
        },
        "node_modules/@types/node": {
            "version": "17.0.0",
            "resolved": "https://registry.npmjs.org/@types/node/-/node-17.0.0.tgz",
            "integrity": "sha512-eMhwJXc931Ihh4tkU+Y7GiLzT/y/DBNpNtr4yU9O2w3SYBsr9NaOPhQlLKRmoWtI54uNwuo0IOUFQjVOTZYRvw==",
            "dev": true
        },
        "node_modules/@types/uuid": {
            "version": "8.3.3",
            "resolved": "https://registry.npmjs.org/@types/uuid/-/uuid-8.3.3.tgz",
            "integrity": "sha512-0LbEEx1zxrYB3pgpd1M5lEhLcXjKJnYghvhTRgaBeUivLHMDM1TzF3IJ6hXU2+8uA4Xz+5BA63mtZo5DjVT8iA==",
            "dev": true
        },
        "node_modules/husky": {
            "version": "7.0.4",
            "resolved": "https://registry.npmjs.org/husky/-/husky-7.0.4.tgz",
            "integrity": "sha512-vbaCKN2QLtP/vD4yvs6iz6hBEo6wkSzs8HpRah1Z6aGmF2KW5PdYuAd7uX5a+OyBZHBhd+TFLqgjUgytQr4RvQ==",
            "bin": {
                "husky": "lib/bin.js"
            },
            "engines": {
                "node": ">=12"
            },
            "funding": {
                "url": "https://github.com/sponsors/typicode"
            }
        },
        "node_modules/prettier": {
            "version": "2.5.1",
            "resolved": "https://registry.npmjs.org/prettier/-/prettier-2.5.1.tgz",
            "integrity": "sha512-vBZcPRUR5MZJwoyi3ZoyQlc1rXeEck8KgeC9AwwOn+exuxLxq5toTRDTSaVrXHxelDMHy9zlicw8u66yxoSUFg==",
            "bin": {
                "prettier": "bin-prettier.js"
            },
            "engines": {
                "node": ">=10.13.0"
            }
        },
        "node_modules/uuid": {
            "version": "8.3.2",
            "resolved": "https://registry.npmjs.org/uuid/-/uuid-8.3.2.tgz",
            "integrity": "sha512-+NYs2QeMWy+GWFOEm9xnn6HCDp0l7QBD7ml8zLUmJ+93Q5NF0NocErnwkTkXVFNiX3/fpC6afS8Dhb/gz7R7eg==",
            "bin": {
                "uuid": "dist/bin/uuid"
            }
        },
        "node_modules/yarn": {
            "version": "1.22.17",
            "resolved": "https://registry.npmjs.org/yarn/-/yarn-1.22.17.tgz",
            "integrity": "sha512-H0p241BXaH0UN9IeH//RT82tl5PfNraVpSpEoW+ET7lmopNC61eZ+A+IDvU8FM6Go5vx162SncDL8J1ZjRBriQ==",
            "hasInstallScript": true,
            "bin": {
                "yarn": "bin/yarn.js",
                "yarnpkg": "bin/yarn.js"
            },
            "engines": {
                "node": ">=4.0.0"
            }
        }
    },
    "dependencies": {
        "@types/node": {
            "version": "17.0.0",
            "resolved": "https://registry.npmjs.org/@types/node/-/node-17.0.0.tgz",
            "integrity": "sha512-eMhwJXc931Ihh4tkU+Y7GiLzT/y/DBNpNtr4yU9O2w3SYBsr9NaOPhQlLKRmoWtI54uNwuo0IOUFQjVOTZYRvw==",
            "dev": true
        },
        "@types/uuid": {
            "version": "8.3.3",
            "resolved": "https://registry.npmjs.org/@types/uuid/-/uuid-8.3.3.tgz",
            "integrity": "sha512-0LbEEx1zxrYB3pgpd1M5lEhLcXjKJnYghvhTRgaBeUivLHMDM1TzF3IJ6hXU2+8uA4Xz+5BA63mtZo5DjVT8iA==",
            "dev": true
        },
        "husky": {
            "version": "7.0.4",
            "resolved": "https://registry.npmjs.org/husky/-/husky-7.0.4.tgz",
            "integrity": "sha512-vbaCKN2QLtP/vD4yvs6iz6hBEo6wkSzs8HpRah1Z6aGmF2KW5PdYuAd7uX5a+OyBZHBhd+TFLqgjUgytQr4RvQ=="
        },
        "prettier": {
            "version": "2.5.1",
            "resolved": "https://registry.npmjs.org/prettier/-/prettier-2.5.1.tgz",
            "integrity": "sha512-vBZcPRUR5MZJwoyi3ZoyQlc1rXeEck8KgeC9AwwOn+exuxLxq5toTRDTSaVrXHxelDMHy9zlicw8u66yxoSUFg=="
        },
        "uuid": {
            "version": "8.3.2",
            "resolved": "https://registry.npmjs.org/uuid/-/uuid-8.3.2.tgz",
            "integrity": "sha512-+NYs2QeMWy+GWFOEm9xnn6HCDp0l7QBD7ml8zLUmJ+93Q5NF0NocErnwkTkXVFNiX3/fpC6afS8Dhb/gz7R7eg=="
        },
        "yarn": {
            "version": "1.22.17",
            "resolved": "https://registry.npmjs.org/yarn/-/yarn-1.22.17.tgz",
            "integrity": "sha512-H0p241BXaH0UN9IeH//RT82tl5PfNraVpSpEoW+ET7lmopNC61eZ+A+IDvU8FM6Go5vx162SncDL8J1ZjRBriQ=="
        }
    }
}
